schema: '2.0'
stages:
  data_ingestion:
    cmd: python src\data\data_ingestion.py
    deps:
    - path: src\data\data_ingestion.py
      hash: md5
      md5: 7f510531f1d2e19818adfae81eb3fcf7
      size: 751
    params:
      params.yaml:
        data_ingestion.test_size: 0.4
    outs:
    - path: data\raw\test.csv
      hash: md5
      md5: 57e4eab3accc5975f30e7fa0bd996529
      size: 378487
    - path: data\raw\train.csv
      hash: md5
      md5: 3bb0683a3fb9cb995e4e1a3261b55058
      size: 563618
  data_preprocessing:
    cmd: python src\data\data_preprocessing.py
    deps:
    - path: data\raw\test.csv
      hash: md5
      md5: 57e4eab3accc5975f30e7fa0bd996529
      size: 378487
    - path: data\raw\train.csv
      hash: md5
      md5: 3bb0683a3fb9cb995e4e1a3261b55058
      size: 563618
    - path: src\data\data_preprocessing.py
      hash: md5
      md5: 5cd904cceed4d43d120a00fc8e28dfbb
      size: 3184
    outs:
    - path: data\processed\test.csv
      hash: md5
      md5: bb003c917227bd8499bed10f61a1b694
      size: 273469
    - path: data\processed\train.csv
      hash: md5
      md5: 8ea189390e02f15f1dd37f4cda54f347
      size: 406873
  feature_engg:
    cmd: python src\features\feature_engg.py
    deps:
    - path: data\processed\test.csv
      hash: md5
      md5: bb003c917227bd8499bed10f61a1b694
      size: 273469
    - path: data\processed\train.csv
      hash: md5
      md5: 8ea189390e02f15f1dd37f4cda54f347
      size: 406873
    - path: src\features\feature_engg.py
      hash: md5
      md5: 486339f0199ad8ac07f3ce43c978fc47
      size: 1510
    params:
      params.yaml:
        feature_engg.max_features: 100
    outs:
    - path: data\interim\test_tfidf.csv
      hash: md5
      md5: ea745f9c1e59d27860f16143ee777c62
      size: 1813108
    - path: data\interim\train_tfidf.csv
      hash: md5
      md5: 660a87e78c9ece3a2350b9736bb1d563
      size: 2720868
  modelling:
    cmd: python src\models\modelling.py
    deps:
    - path: data\interim\train_tfidf.csv
      hash: md5
      md5: 660a87e78c9ece3a2350b9736bb1d563
      size: 2720868
    - path: src\models\modelling.py
      hash: md5
      md5: 955a45f401c80496f15112d37185c7ae
      size: 657
    params:
      params.yaml:
        modelling.max_depth: 200
        modelling.n_estimators: 150
    outs:
    - path: models\random_forest_model.pkl
      hash: md5
      md5: 3a5e0dac6c044012cbebfdfa3e6e56b4
      size: 31135743
  model_evaluation:
    cmd: python src\models\model_evaluation.py
    deps:
    - path: data\interim\test_tfidf.csv
      hash: md5
      md5: ea745f9c1e59d27860f16143ee777c62
      size: 1813108
    - path: models\random_forest_model.pkl
      hash: md5
      md5: 3a5e0dac6c044012cbebfdfa3e6e56b4
      size: 31135743
    - path: src\models\model_evaluation.py
      hash: md5
      md5: 83212b0efb397ff41771a86c2bee62ca
      size: 723
    outs:
    - path: reports\metrics.json
      hash: md5
      md5: dbff0736e7d177a35fab773657e3a8df
      size: 148
